
Microsoft Visual Studio Solution File, Format Version 12.00
# Visual Studio Version 17
VisualStudioVersion = 17.0.31903.59
MinimumVisualStudioVersion = 10.0.40219.1
Project("{FAE04EC0-301F-11D3-BF4B-00C04F79EFBC}") = "WpfTask8", "WpfTask8\WpfTask8.csproj", "{BBAFB6BC-F53E-4D81-B29B-81CE021C4744}"
EndProject
Global
	GlobalSection(SolutionConfigurationPlatforms) = preSolution
		Debug|Any CPU = Debug|Any CPU
		Release|Any CPU = Release|Any CPU
	EndGlobalSection
	GlobalSection(ProjectConfigurationPlatforms) = postSolution
		{BBAFB6BC-F53E-4D81-B29B-81CE021C4744}.Debug|Any CPU.ActiveCfg = Debug|Any CPU
		{BBAFB6BC-F53E-4D81-B29B-81CE021C4744}.Debug|Any CPU.Build.0 = Debug|Any CPU
		{BBAFB6BC-F53E-4D81-B29B-81CE021C4744}.Release|Any CPU.ActiveCfg = Release|Any CPU
		{BBAFB6BC-F53E-4D81-B29B-81CE021C4744}.Release|Any CPU.Build.0 = Release|Any CPU
	EndGlobalSection
	GlobalSection(SolutionProperties) = preSolution
		HideSolutionNode = FALSE
	EndGlobalSection
	GlobalSection(ExtensibilityGlobals) = postSolution
		SolutionGuid = {1C3551DD-F006-4D72-905F-2FA7814836A7}
	EndGlobalSection
EndGlobal
